// !$*UTF8*$!
{
	archiveVersion = 1;
	classes = {
	};
	objectVersion = 56;
	objects = {

/* Begin PBXBuildFile section */
		AAD832082A42AF5700A08B48 /* ViperProjectSwiftUI1App.swift in Sources */ = {isa = PBXBuildFile; fileRef = AAD832072A42AF5700A08B48 /* ViperProjectSwiftUI1App.swift */; };
		AAD8320A2A42AF5700A08B48 /* ContentView.swift in Sources */ = {isa = PBXBuildFile; fileRef = AAD832092A42AF5700A08B48 /* ContentView.swift */; };
		AAD8320C2A42AF5800A08B48 /* Assets.xcassets in Resources */ = {isa = PBXBuildFile; fileRef = AAD8320B2A42AF5800A08B48 /* Assets.xcassets */; };
		AAD8320F2A42AF5800A08B48 /* Preview Assets.xcassets in Resources */ = {isa = PBXBuildFile; fileRef = AAD8320E2A42AF5800A08B48 /* Preview Assets.xcassets */; };
		AAD832192A42AF5800A08B48 /* ViperProjectSwiftUI1Tests.swift in Sources */ = {isa = PBXBuildFile; fileRef = AAD832182A42AF5800A08B48 /* ViperProjectSwiftUI1Tests.swift */; };
		AAD832232A42AF5900A08B48 /* ViperProjectSwiftUI1UITests.swift in Sources */ = {isa = PBXBuildFile; fileRef = AAD832222A42AF5900A08B48 /* ViperProjectSwiftUI1UITests.swift */; };
		AAD832252A42AF5900A08B48 /* ViperProjectSwiftUI1UITestsLaunchTests.swift in Sources */ = {isa = PBXBuildFile; fileRef = AAD832242A42AF5900A08B48 /* ViperProjectSwiftUI1UITestsLaunchTests.swift */; };
/* End PBXBuildFile section */

/* Begin PBXContainerItemProxy section */
		AAD832152A42AF5800A08B48 /* PBXContainerItemProxy */ = {
			isa = PBXContainerItemProxy;
			containerPortal = AAD831FC2A42AF5700A08B48 /* Project object */;
			proxyType = 1;
			remoteGlobalIDString = AAD832032A42AF5700A08B48;
			remoteInfo = ViperProjectSwiftUI1;
		};
		AAD8321F2A42AF5900A08B48 /* PBXContainerItemProxy */ = {
			isa = PBXContainerItemProxy;
			containerPortal = AAD831FC2A42AF5700A08B48 /* Project object */;
			proxyType = 1;
			remoteGlobalIDString = AAD832032A42AF5700A08B48;
			remoteInfo = ViperProjectSwiftUI1;
		};
/* End PBXContainerItemProxy section */

/* Begin PBXFileReference section */
		AAD832042A42AF5700A08B48 /* ViperProjectSwiftUI1.app */ = {isa = PBXFileReference; explicitFileType = wrapper.application; includeInIndex = 0; path = ViperProjectSwiftUI1.app; sourceTree = BUILT_PRODUCTS_DIR; };
		AAD832072A42AF5700A08B48 /* ViperProjectSwiftUI1App.swift */ = {isa = PBXFileReference; lastKnownFileType = sourcecode.swift; path = ViperProjectSwiftUI1App.swift; sourceTree = "<group>"; };
		AAD832092A42AF5700A08B48 /* ContentView.swift */ = {isa = PBXFileReference; lastKnownFileType = sourcecode.swift; path = ContentView.swift; sourceTree = "<group>"; };
		AAD8320B2A42AF5800A08B48 /* Assets.xcassets */ = {isa = PBXFileReference; lastKnownFileType = folder.assetcatalog; path = Assets.xcassets; sourceTree = "<group>"; };
		AAD8320E2A42AF5800A08B48 /* Preview Assets.xcassets */ = {isa = PBXFileReference; lastKnownFileType = folder.assetcatalog; path = "Preview Assets.xcassets"; sourceTree = "<group>"; };
		AAD832142A42AF5800A08B48 /* ViperProjectSwiftUI1Tests.xctest */ = {isa = PBXFileReference; explicitFileType = wrapper.cfbundle; includeInIndex = 0; path = ViperProjectSwiftUI1Tests.xctest; sourceTree = BUILT_PRODUCTS_DIR; };
		AAD832182A42AF5800A08B48 /* ViperProjectSwiftUI1Tests.swift */ = {isa = PBXFileReference; lastKnownFileType = sourcecode.swift; path = ViperProjectSwiftUI1Tests.swift; sourceTree = "<group>"; };
		AAD8321E2A42AF5900A08B48 /* ViperProjectSwiftUI1UITests.xctest */ = {isa = PBXFileReference; explicitFileType = wrapper.cfbundle; includeInIndex = 0; path = ViperProjectSwiftUI1UITests.xctest; sourceTree = BUILT_PRODUCTS_DIR; };
		AAD832222A42AF5900A08B48 /* ViperProjectSwiftUI1UITests.swift */ = {isa = PBXFileReference; lastKnownFileType = sourcecode.swift; path = ViperProjectSwiftUI1UITests.swift; sourceTree = "<group>"; };
		AAD832242A42AF5900A08B48 /* ViperProjectSwiftUI1UITestsLaunchTests.swift */ = {isa = PBXFileReference; lastKnownFileType = sourcecode.swift; path = ViperProjectSwiftUI1UITestsLaunchTests.swift; sourceTree = "<group>"; };
/* End PBXFileReference section */

/* Begin PBXFrameworksBuildPhase section */
		AAD832012A42AF5700A08B48 /* Frameworks */ = {
			isa = PBXFrameworksBuildPhase;
			buildActionMask = 2147483647;
			files = (
			);
			runOnlyForDeploymentPostprocessing = 0;
		};
		AAD832112A42AF5800A08B48 /* Frameworks */ = {
			isa = PBXFrameworksBuildPhase;
			buildActionMask = 2147483647;
			files = (
			);
			runOnlyForDeploymentPostprocessing = 0;
		};
		AAD8321B2A42AF5900A08B48 /* Frameworks */ = {
			isa = PBXFrameworksBuildPhase;
			buildActionMask = 2147483647;
			files = (
			);
			runOnlyForDeploymentPostprocessing = 0;
		};
/* End PBXFrameworksBuildPhase section */

/* Begin PBXGroup section */
		AAD831FB2A42AF5700A08B48 = {
			isa = PBXGroup;
			children = (
				AAD832062A42AF5700A08B48 /* ViperProjectSwiftUI1 */,
				AAD832172A42AF5800A08B48 /* ViperProjectSwiftUI1Tests */,
				AAD832212A42AF5900A08B48 /* ViperProjectSwiftUI1UITests */,
				AAD832052A42AF5700A08B48 /* Products */,
			);
			sourceTree = "<group>";
		};
		AAD832052A42AF5700A08B48 /* Products */ = {
			isa = PBXGroup;
			children = (
				AAD832042A42AF5700A08B48 /* ViperProjectSwiftUI1.app */,
				AAD832142A42AF5800A08B48 /* ViperProjectSwiftUI1Tests.xctest */,
				AAD8321E2A42AF5900A08B48 /* ViperProjectSwiftUI1UITests.xctest */,
			);
			name = Products;
			sourceTree = "<group>";
		};
		AAD832062A42AF5700A08B48 /* ViperProjectSwiftUI1 */ = {
			isa = PBXGroup;
			children = (
				AAD832072A42AF5700A08B48 /* ViperProjectSwiftUI1App.swift */,
				AAD832092A42AF5700A08B48 /* ContentView.swift */,
				AAD8320B2A42AF5800A08B48 /* Assets.xcassets */,
				AAD8320D2A42AF5800A08B48 /* Preview Content */,
			);
			path = ViperProjectSwiftUI1;
			sourceTree = "<group>";
		};
		AAD8320D2A42AF5800A08B48 /* Preview Content */ = {
			isa = PBXGroup;
			children = (
				AAD8320E2A42AF5800A08B48 /* Preview Assets.xcassets */,
			);
			path = "Preview Content";
			sourceTree = "<group>";
		};
		AAD832172A42AF5800A08B48 /* ViperProjectSwiftUI1Tests */ = {
			isa = PBXGroup;
			children = (
				AAD832182A42AF5800A08B48 /* ViperProjectSwiftUI1Tests.swift */,
			);
			path = ViperProjectSwiftUI1Tests;
			sourceTree = "<group>";
		};
		AAD832212A42AF5900A08B48 /* ViperProjectSwiftUI1UITests */ = {
			isa = PBXGroup;
			children = (
				AAD832222A42AF5900A08B48 /* ViperProjectSwiftUI1UITests.swift */,
				AAD832242A42AF5900A08B48 /* ViperProjectSwiftUI1UITestsLaunchTests.swift */,
			);
			path = ViperProjectSwiftUI1UITests;
			sourceTree = "<group>";
		};
/* End PBXGroup section */

/* Begin PBXNativeTarget section */
		AAD832032A42AF5700A08B48 /* ViperProjectSwiftUI1 */ = {
			isa = PBXNativeTarget;
			buildConfigurationList = AAD832282A42AF5900A08B48 /* Build configuration list for PBXNativeTarget "ViperProjectSwiftUI1" */;
			buildPhases = (
				AAD832002A42AF5700A08B48 /* Sources */,
				AAD832012A42AF5700A08B48 /* Frameworks */,
				AAD832022A42AF5700A08B48 /* Resources */,
			);
			buildRules = (
			);
			dependencies = (
			);
			name = ViperProjectSwiftUI1;
			productName = ViperProjectSwiftUI1;
			productReference = AAD832042A42AF5700A08B48 /* ViperProjectSwiftUI1.app */;
			productType = "com.apple.product-type.application";
		};
		AAD832132A42AF5800A08B48 /* ViperProjectSwiftUI1Tests */ = {
			isa = PBXNativeTarget;
			buildConfigurationList = AAD8322B2A42AF5900A08B48 /* Build configuration list for PBXNativeTarget "ViperProjectSwiftUI1Tests" */;
			buildPhases = (
				AAD832102A42AF5800A08B48 /* Sources */,
				AAD832112A42AF5800A08B48 /* Frameworks */,
				AAD832122A42AF5800A08B48 /* Resources */,
			);
			buildRules = (
			);
			dependencies = (
				AAD832162A42AF5800A08B48 /* PBXTargetDependency */,
			);
			name = ViperProjectSwiftUI1Tests;
			productName = ViperProjectSwiftUI1Tests;
			productReference = AAD832142A42AF5800A08B48 /* ViperProjectSwiftUI1Tests.xctest */;
			productType = "com.apple.product-type.bundle.unit-test";
		};
		AAD8321D2A42AF5900A08B48 /* ViperProjectSwiftUI1UITests */ = {
			isa = PBXNativeTarget;
			buildConfigurationList = AAD8322E2A42AF5900A08B48 /* Build configuration list for PBXNativeTarget "ViperProjectSwiftUI1UITests" */;
			buildPhases = (
				AAD8321A2A42AF5900A08B48 /* Sources */,
				AAD8321B2A42AF5900A08B48 /* Frameworks */,
				AAD8321C2A42AF5900A08B48 /* Resources */,
			);
			buildRules = (
			);
			dependencies = (
				AAD832202A42AF5900A08B48 /* PBXTargetDependency */,
			);
			name = ViperProjectSwiftUI1UITests;
			productName = ViperProjectSwiftUI1UITests;
			productReference = AAD8321E2A42AF5900A08B48 /* ViperProjectSwiftUI1UITests.xctest */;
			productType = "com.apple.product-type.bundle.ui-testing";
		};
/* End PBXNativeTarget section */

/* Begin PBXProject section */
		AAD831FC2A42AF5700A08B48 /* Project object */ = {
			isa = PBXProject;
			attributes = {
				BuildIndependentTargetsInParallel = 1;
				LastSwiftUpdateCheck = 1430;
				LastUpgradeCheck = 1430;
				TargetAttributes = {
					AAD832032A42AF5700A08B48 = {
						CreatedOnToolsVersion = 14.3.1;
					};
					AAD832132A42AF5800A08B48 = {
						CreatedOnToolsVersion = 14.3.1;
						TestTargetID = AAD832032A42AF5700A08B48;
					};
					AAD8321D2A42AF5900A08B48 = {
						CreatedOnToolsVersion = 14.3.1;
						TestTargetID = AAD832032A42AF5700A08B48;
					};
				};
			};
			buildConfigurationList = AAD831FF2A42AF5700A08B48 /* Build configuration list for PBXProject "ViperProjectSwiftUI1" */;
			compatibilityVersion = "Xcode 14.0";
			developmentRegion = en;
			hasScannedForEncodings = 0;
			knownRegions = (
				en,
				Base,
			);
			mainGroup = AAD831FB2A42AF5700A08B48;
			productRefGroup = AAD832052A42AF5700A08B48 /* Products */;
			projectDirPath = "";
			projectRoot = "";
			targets = (
				AAD832032A42AF5700A08B48 /* ViperProjectSwiftUI1 */,
				AAD832132A42AF5800A08B48 /* ViperProjectSwiftUI1Tests */,
				AAD8321D2A42AF5900A08B48 /* ViperProjectSwiftUI1UITests */,
			);
		};
/* End PBXProject section */

/* Begin PBXResourcesBuildPhase section */
		AAD832022A42AF5700A08B48 /* Resources */ = {
			isa = PBXResourcesBuildPhase;
			buildActionMask = 2147483647;
			files = (
				AAD8320F2A42AF5800A08B48 /* Preview Assets.xcassets in Resources */,
				AAD8320C2A42AF5800A08B48 /* Assets.xcassets in Resources */,
			);
			runOnlyForDeploymentPostprocessing = 0;
		};
		AAD832122A42AF5800A08B48 /* Resources */ = {
			isa = PBXResourcesBuildPhase;
			buildActionMask = 2147483647;
			files = (
			);
			runOnlyForDeploymentPostprocessing = 0;
		};
		AAD8321C2A42AF5900A08B48 /* Resources */ = {
			isa = PBXResourcesBuildPhase;
			buildActionMask = 2147483647;
			files = (
			);
			runOnlyForDeploymentPostprocessing = 0;
		};
/* End PBXResourcesBuildPhase section */

/* Begin PBXSourcesBuildPhase section */
		AAD832002A42AF5700A08B48 /* Sources */ = {
			isa = PBXSourcesBuildPhase;
			buildActionMask = 2147483647;
			files = (
				AAD8320A2A42AF5700A08B48 /* ContentView.swift in Sources */,
				AAD832082A42AF5700A08B48 /* ViperProjectSwiftUI1App.swift in Sources */,
			);
			runOnlyForDeploymentPostprocessing = 0;
		};
		AAD832102A42AF5800A08B48 /* Sources */ = {
			isa = PBXSourcesBuildPhase;
			buildActionMask = 2147483647;
			files = (
				AAD832192A42AF5800A08B48 /* ViperProjectSwiftUI1Tests.swift in Sources */,
			);
			runOnlyForDeploymentPostprocessing = 0;
		};
		AAD8321A2A42AF5900A08B48 /* Sources */ = {
			isa = PBXSourcesBuildPhase;
			buildActionMask = 2147483647;
			files = (
				AAD832232A42AF5900A08B48 /* ViperProjectSwiftUI1UITests.swift in Sources */,
				AAD832252A42AF5900A08B48 /* ViperProjectSwiftUI1UITestsLaunchTests.swift in Sources */,
			);
			runOnlyForDeploymentPostprocessing = 0;
		};
/* End PBXSourcesBuildPhase section */

/* Begin PBXTargetDependency section */
		AAD832162A42AF5800A08B48 /* PBXTargetDependency */ = {
			isa = PBXTargetDependency;
			target = AAD832032A42AF5700A08B48 /* ViperProjectSwiftUI1 */;
			targetProxy = AAD832152A42AF5800A08B48 /* PBXContainerItemProxy */;
		};
		AAD832202A42AF5900A08B48 /* PBXTargetDependency */ = {
			isa = PBXTargetDependency;
			target = AAD832032A42AF5700A08B48 /* ViperProjectSwiftUI1 */;
			targetProxy = AAD8321F2A42AF5900A08B48 /* PBXContainerItemProxy */;
		};
/* End PBXTargetDependency section */

/* Begin XCBuildConfiguration section */
		AAD832262A42AF5900A08B48 /* Debug */ = {
			isa = XCBuildConfiguration;
			buildSettings = {
				ALWAYS_SEARCH_USER_PATHS = NO;
				CLANG_ANALYZER_NONNULL = YES;
				CLANG_ANALYZER_NUMBER_OBJECT_CONVERSION = YES_AGGRESSIVE;
				CLANG_CXX_LANGUAGE_STANDARD = "gnu++20";
				CLANG_ENABLE_MODULES = YES;
				CLANG_ENABLE_OBJC_ARC = YES;
				CLANG_ENABLE_OBJC_WEAK = YES;
				CLANG_WARN_BLOCK_CAPTURE_AUTORELEASING = YES;
				CLANG_WARN_BOOL_CONVERSION = YES;
				CLANG_WARN_COMMA = YES;
				CLANG_WARN_CONSTANT_CONVERSION = YES;
				CLANG_WARN_DEPRECATED_OBJC_IMPLEMENTATIONS = YES;
				CLANG_WARN_DIRECT_OBJC_ISA_USAGE = YES_ERROR;
				CLANG_WARN_DOCUMENTATION_COMMENTS = YES;
				CLANG_WARN_EMPTY_BODY = YES;
				CLANG_WARN_ENUM_CONVERSION = YES;
				CLANG_WARN_INFINITE_RECURSION = YES;
				CLANG_WARN_INT_CONVERSION = YES;
				CLANG_WARN_NON_LITERAL_NULL_CONVERSION = YES;
				CLANG_WARN_OBJC_IMPLICIT_RETAIN_SELF = YES;
				CLANG_WARN_OBJC_LITERAL_CONVERSION = YES;
				CLANG_WARN_OBJC_ROOT_CLASS = YES_ERROR;
				CLANG_WARN_QUOTED_INCLUDE_IN_FRAMEWORK_HEADER = YES;
				CLANG_WARN_RANGE_LOOP_ANALYSIS = YES;
				CLANG_WARN_STRICT_PROTOTYPES = YES;
				CLANG_WARN_SUSPICIOUS_MOVE = YES;
				CLANG_WARN_UNGUARDED_AVAILABILITY = YES_AGGRESSIVE;
				CLANG_WARN_UNREACHABLE_CODE = YES;
				CLANG_WARN__DUPLICATE_METHOD_MATCH = YES;
				COPY_PHASE_STRIP = NO;
				DEBUG_INFORMATION_FORMAT = dwarf;
				ENABLE_STRICT_OBJC_MSGSEND = YES;
				ENABLE_TESTABILITY = YES;
				GCC_C_LANGUAGE_STANDARD = gnu11;
				GCC_DYNAMIC_NO_PIC = NO;
				GCC_NO_COMMON_BLOCKS = YES;
				GCC_OPTIMIZATION_LEVEL = 0;
				GCC_PREPROCESSOR_DEFINITIONS = (
					"DEBUG=1",
					"$(inherited)",
				);
				GCC_WARN_64_TO_32_BIT_CONVERSION = YES;
				GCC_WARN_ABOUT_RETURN_TYPE = YES_ERROR;
				GCC_WARN_UNDECLARED_SELECTOR = YES;
				GCC_WARN_UNINITIALIZED_AUTOS = YES_AGGRESSIVE;
				GCC_WARN_UNUSED_FUNCTION = YES;
				GCC_WARN_UNUSED_VARIABLE = YES;
				IPHONEOS_DEPLOYMENT_TARGET = 16.4;
				MTL_ENABLE_DEBUG_INFO = INCLUDE_SOURCE;
				MTL_FAST_MATH = YES;
				ONLY_ACTIVE_ARCH = YES;
				SDKROOT = iphoneos;
				SWIFT_ACTIVE_COMPILATION_CONDITIONS = DEBUG;
				SWIFT_OPTIMIZATION_LEVEL = "-Onone";
			};
			name = Debug;
		};
		AAD832272A42AF5900A08B48 /* Release */ = {
			isa = XCBuildConfiguration;
			buildSettings = {
				ALWAYS_SEARCH_USER_PATHS = NO;
				CLANG_ANALYZER_NONNULL = YES;
				CLANG_ANALYZER_NUMBER_OBJECT_CONVERSION = YES_AGGRESSIVE;
				CLANG_CXX_LANGUAGE_STANDARD = "gnu++20";
				CLANG_ENABLE_MODULES = YES;
				CLANG_ENABLE_OBJC_ARC = YES;
				CLANG_ENABLE_OBJC_WEAK = YES;
				CLANG_WARN_BLOCK_CAPTURE_AUTORELEASING = YES;
				CLANG_WARN_BOOL_CONVERSION = YES;
				CLANG_WARN_COMMA = YES;
				CLANG_WARN_CONSTANT_CONVERSION = YES;
				CLANG_WARN_DEPRECATED_OBJC_IMPLEMENTATIONS = YES;
				CLANG_WARN_DIRECT_OBJC_ISA_USAGE = YES_ERROR;
				CLANG_WARN_DOCUMENTATION_COMMENTS = YES;
				CLANG_WARN_EMPTY_BODY = YES;
				CLANG_WARN_ENUM_CONVERSION = YES;
				CLANG_WARN_INFINITE_RECURSION = YES;
				CLANG_WARN_INT_CONVERSION = YES;
				CLANG_WARN_NON_LITERAL_NULL_CONVERSION = YES;
				CLANG_WARN_OBJC_IMPLICIT_RETAIN_SELF = YES;
				CLANG_WARN_OBJC_LITERAL_CONVERSION = YES;
				CLANG_WARN_OBJC_ROOT_CLASS = YES_ERROR;
				CLANG_WARN_QUOTED_INCLUDE_IN_FRAMEWORK_HEADER = YES;
				CLANG_WARN_RANGE_LOOP_ANALYSIS = YES;
				CLANG_WARN_STRICT_PROTOTYPES = YES;
				CLANG_WARN_SUSPICIOUS_MOVE = YES;
				CLANG_WARN_UNGUARDED_AVAILABILITY = YES_AGGRESSIVE;
				CLANG_WARN_UNREACHABLE_CODE = YES;
				CLANG_WARN__DUPLICATE_METHOD_MATCH = YES;
				COPY_PHASE_STRIP = NO;
				DEBUG_INFORMATION_FORMAT = "dwarf-with-dsym";
				ENABLE_NS_ASSERTIONS = NO;
				ENABLE_STRICT_OBJC_MSGSEND = YES;
				GCC_C_LANGUAGE_STANDARD = gnu11;
				GCC_NO_COMMON_BLOCKS = YES;
				GCC_WARN_64_TO_32_BIT_CONVERSION = YES;
				GCC_WARN_ABOUT_RETURN_TYPE = YES_ERROR;
				GCC_WARN_UNDECLARED_SELECTOR = YES;
				GCC_WARN_UNINITIALIZED_AUTOS = YES_AGGRESSIVE;
				GCC_WARN_UNUSED_FUNCTION = YES;
				GCC_WARN_UNUSED_VARIABLE = YES;
				IPHONEOS_DEPLOYMENT_TARGET = 16.4;
				MTL_ENABLE_DEBUG_INFO = NO;
				MTL_FAST_MATH = YES;
				SDKROOT = iphoneos;
				SWIFT_COMPILATION_MODE = wholemodule;
				SWIFT_OPTIMIZATION_LEVEL = "-O";
				VALIDATE_PRODUCT = YES;
			};
			name = Release;
		};
		AAD832292A42AF5900A08B48 /* Debug */ = {
			isa = XCBuildConfiguration;
			buildSettings = {
				ASSETCATALOG_COMPILER_APPICON_NAME = AppIcon;
				ASSETCATALOG_COMPILER_GLOBAL_ACCENT_COLOR_NAME = AccentColor;
				CODE_SIGN_STYLE = Automatic;
				CURRENT_PROJECT_VERSION = 1;
				DEVELOPMENT_ASSET_PATHS = "\"ViperProjectSwiftUI1/Preview Content\"";
				ENABLE_PREVIEWS = YES;
				GENERATE_INFOPLIST_FILE = YES;
				INFOPLIST_KEY_UIApplicationSceneManifest_Generation = YES;
				INFOPLIST_KEY_UIApplicationSupportsIndirectInputEvents = YES;
				INFOPLIST_KEY_UILaunchScreen_Generation = YES;
				INFOPLIST_KEY_UISupportedInterfaceOrientations_iPad = "UIInterfaceOrientationPortrait UIInterfaceOrientationPortraitUpsideDown UIInterfaceOrientationLandscapeLeft UIInterfaceOrientationLandscapeRight";
				INFOPLIST_KEY_UISupportedInterfaceOrientations_iPhone = "UIInterfaceOrientationPortrait UIInterfaceOrientationLandscapeLeft UIInterfaceOrientationLandscapeRight";
				LD_RUNPATH_SEARCH_PATHS = (
					"$(inherited)",
					"@executable_path/Frameworks",
				);
				MARKETING_VERSION = 1.0;
				PRODUCT_BUNDLE_IDENTIFIER = com.github.pedroluis02.ViperProjectSwiftUI1;
				PRODUCT_NAME = "$(TARGET_NAME)";
				SWIFT_EMIT_LOC_STRINGS = YES;
				SWIFT_VERSION = 5.0;
				TARGETED_DEVICE_FAMILY = "1,2";
			};
			name = Debug;
		};
		AAD8322A2A42AF5900A08B48 /* Release */ = {
			isa = XCBuildConfiguration;
			buildSettings = {
				ASSETCATALOG_COMPILER_APPICON_NAME = AppIcon;
				ASSETCATALOG_COMPILER_GLOBAL_ACCENT_COLOR_NAME = AccentColor;
				CODE_SIGN_STYLE = Automatic;
				CURRENT_PROJECT_VERSION = 1;
				DEVELOPMENT_ASSET_PATHS = "\"ViperProjectSwiftUI1/Preview Content\"";
				ENABLE_PREVIEWS = YES;
				GENERATE_INFOPLIST_FILE = YES;
				INFOPLIST_KEY_UIApplicationSceneManifest_Generation = YES;
				INFOPLIST_KEY_UIApplicationSupportsIndirectInputEvents = YES;
				INFOPLIST_KEY_UILaunchScreen_Generation = YES;
				INFOPLIST_KEY_UISupportedInterfaceOrientations_iPad = "UIInterfaceOrientationPortrait UIInterfaceOrientationPortraitUpsideDown UIInterfaceOrientationLandscapeLeft UIInterfaceOrientationLandscapeRight";
				INFOPLIST_KEY_UISupportedInterfaceOrientations_iPhone = "UIInterfaceOrientationPortrait UIInterfaceOrientationLandscapeLeft UIInterfaceOrientationLandscapeRight";
				LD_RUNPATH_SEARCH_PATHS = (
					"$(inherited)",
					"@executable_path/Frameworks",
				);
				MARKETING_VERSION = 1.0;
				PRODUCT_BUNDLE_IDENTIFIER = com.github.pedroluis02.ViperProjectSwiftUI1;
				PRODUCT_NAME = "$(TARGET_NAME)";
				SWIFT_EMIT_LOC_STRINGS = YES;
				SWIFT_VERSION = 5.0;
				TARGETED_DEVICE_FAMILY = "1,2";
			};
			name = Release;
		};
		AAD8322C2A42AF5900A08B48 /* Debug */ = {
			isa = XCBuildConfiguration;
			buildSettings = {
				ALWAYS_EMBED_SWIFT_STANDARD_LIBRARIES = YES;
				BUNDLE_LOADER = "$(TEST_HOST)";
				CODE_SIGN_STYLE = Automatic;
				CURRENT_PROJECT_VERSION = 1;
				GENERATE_INFOPLIST_FILE = YES;
				IPHONEOS_DEPLOYMENT_TARGET = 16.4;
				MARKETING_VERSION = 1.0;
				PRODUCT_BUNDLE_IDENTIFIER = com.github.pedroluis02.ViperProjectSwiftUI1Tests;
				PRODUCT_NAME = "$(TARGET_NAME)";
				SWIFT_EMIT_LOC_STRINGS = NO;
				SWIFT_VERSION = 5.0;
				TARGETED_DEVICE_FAMILY = "1,2";
				TEST_HOST = "$(BUILT_PRODUCTS_DIR)/ViperProjectSwiftUI1.app/$(BUNDLE_EXECUTABLE_FOLDER_PATH)/ViperProjectSwiftUI1";
			};
			name = Debug;
		};
		AAD8322D2A42AF5900A08B48 /* Release */ = {
			isa = XCBuildConfiguration;
			buildSettings = {
				ALWAYS_EMBED_SWIFT_STANDARD_LIBRARIES = YES;
				BUNDLE_LOADER = "$(TEST_HOST)";
				CODE_SIGN_STYLE = Automatic;
				CURRENT_PROJECT_VERSION = 1;
				GENERATE_INFOPLIST_FILE = YES;
				IPHONEOS_DEPLOYMENT_TARGET = 16.4;
				MARKETING_VERSION = 1.0;
				PRODUCT_BUNDLE_IDENTIFIER = com.github.pedroluis02.ViperProjectSwiftUI1Tests;
				PRODUCT_NAME = "$(TARGET_NAME)";
				SWIFT_EMIT_LOC_STRINGS = NO;
				SWIFT_VERSION = 5.0;
				TARGETED_DEVICE_FAMILY = "1,2";
				TEST_HOST = "$(BUILT_PRODUCTS_DIR)/ViperProjectSwiftUI1.app/$(BUNDLE_EXECUTABLE_FOLDER_PATH)/ViperProjectSwiftUI1";
			};
			name = Release;
		};
		AAD8322F2A42AF5900A08B48 /* Debug */ = {
			isa = XCBuildConfiguration;
			buildSettings = {
				ALWAYS_EMBED_SWIFT_STANDARD_LIBRARIES = YES;
				CODE_SIGN_STYLE = Automatic;
				CURRENT_PROJECT_VERSION = 1;
				GENERATE_INFOPLIST_FILE = YES;
				MARKETING_VERSION = 1.0;
				PRODUCT_BUNDLE_IDENTIFIER = com.github.pedroluis02.ViperProjectSwiftUI1UITests;
				PRODUCT_NAME = "$(TARGET_NAME)";
				SWIFT_EMIT_LOC_STRINGS = NO;
				SWIFT_VERSION = 5.0;
				TARGETED_DEVICE_FAMILY = "1,2";
				TEST_TARGET_NAME = ViperProjectSwiftUI1;
			};
			name = Debug;
		};
		AAD832302A42AF5900A08B48 /* Release */ = {
			isa = XCBuildConfiguration;
			buildSettings = {
				ALWAYS_EMBED_SWIFT_STANDARD_LIBRARIES = YES;
				CODE_SIGN_STYLE = Automatic;
				CURRENT_PROJECT_VERSION = 1;
				GENERATE_INFOPLIST_FILE = YES;
				MARKETING_VERSION = 1.0;
				PRODUCT_BUNDLE_IDENTIFIER = com.github.pedroluis02.ViperProjectSwiftUI1UITests;
				PRODUCT_NAME = "$(TARGET_NAME)";
				SWIFT_EMIT_LOC_STRINGS = NO;
				SWIFT_VERSION = 5.0;
				TARGETED_DEVICE_FAMILY = "1,2";
				TEST_TARGET_NAME = ViperProjectSwiftUI1;
			};
			name = Release;
		};
/* End XCBuildConfiguration section */

/* Begin XCConfigurationList section */
		AAD831FF2A42AF5700A08B48 /* Build configuration list for PBXProject "ViperProjectSwiftUI1" */ = {
			isa = XCConfigurationList;
			buildConfigurations = (
				AAD832262A42AF5900A08B48 /* Debug */,
				AAD832272A42AF5900A08B48 /* Release */,
			);
			defaultConfigurationIsVisible = 0;
			defaultConfigurationName = Release;
		};
		AAD832282A42AF5900A08B48 /* Build configuration list for PBXNativeTarget "ViperProjectSwiftUI1" */ = {
			isa = XCConfigurationList;
			buildConfigurations = (
				AAD832292A42AF5900A08B48 /* Debug */,
				AAD8322A2A42AF5900A08B48 /* Release */,
			);
			defaultConfigurationIsVisible = 0;
			defaultConfigurationName = Release;
		};
		AAD8322B2A42AF5900A08B48 /* Build configuration list for PBXNativeTarget "ViperProjectSwiftUI1Tests" */ = {
			isa = XCConfigurationList;
			buildConfigurations = (
				AAD8322C2A42AF5900A08B48 /* Debug */,
				AAD8322D2A42AF5900A08B48 /* Release */,
			);
			defaultConfigurationIsVisible = 0;
			defaultConfigurationName = Release;
		};
		AAD8322E2A42AF5900A08B48 /* Build configuration list for PBXNativeTarget "ViperProjectSwiftUI1UITests" */ = {
			isa = XCConfigurationList;
			buildConfigurations = (
				AAD8322F2A42AF5900A08B48 /* Debug */,
				AAD832302A42AF5900A08B48 /* Release */,
			);
			defaultConfigurationIsVisible = 0;
			defaultConfigurationName = Release;
		};
/* End XCConfigurationList section */
	};
	rootObject = AAD831FC2A42AF5700A08B48 /* Project object */;
}
